
Microsoft Visual Studio Solution File, Format Version 12.00
# Visual Studio Version 16
VisualStudioVersion = 16.0.31229.75
MinimumVisualStudioVersion = 10.0.40219.1
Project("{FAE04EC0-301F-11D3-BF4B-00C04F79EFBC}") = "VideoAll", "VideoAll\VideoAll.csproj", "{6670BE39-32DA-44ED-82AA-E942AC41CAE9}"
EndProject
Global
	GlobalSection(SolutionConfigurationPlatforms) = preSolution
		Debug|Any CPU = Debug|Any CPU
		Release|Any CPU = Release|Any CPU
	EndGlobalSection
	GlobalSection(ProjectConfigurationPlatforms) = postSolution
		{6670BE39-32DA-44ED-82AA-E942AC41CAE9}.Debug|Any CPU.ActiveCfg = Debug|Any CPU
		{6670BE39-32DA-44ED-82AA-E942AC41CAE9}.Debug|Any CPU.Build.0 = Debug|Any CPU
		{6670BE39-32DA-44ED-82AA-E942AC41CAE9}.Release|Any CPU.ActiveCfg = Release|Any CPU
		{6670BE39-32DA-44ED-82AA-E942AC41CAE9}.Release|Any CPU.Build.0 = Release|Any CPU
	EndGlobalSection
	GlobalSection(SolutionProperties) = preSolution
		HideSolutionNode = FALSE
	EndGlobalSection
	GlobalSection(ExtensibilityGlobals) = postSolution
		SolutionGuid = {85DF2885-A15D-4CD0-972B-0C3E8E55852E}
	EndGlobalSection
EndGlobal
